// !$*UTF8*$!
{
	archiveVersion = 1;
	classes = {
	};
	objectVersion = 48;
	objects = {

/* Begin PBXBuildFile section */
		95216CC9203420CD00884054 /* ProductCell.swift in Sources */ = {isa = PBXBuildFile; fileRef = 95216CC8203420CD00884054 /* ProductCell.swift */; };
		956077E82028456700888A63 /* AppDelegate.swift in Sources */ = {isa = PBXBuildFile; fileRef = 956077E72028456700888A63 /* AppDelegate.swift */; };
		956077EA2028456700888A63 /* CategoriesVC.swift in Sources */ = {isa = PBXBuildFile; fileRef = 956077E92028456700888A63 /* CategoriesVC.swift */; };
		956077ED2028456700888A63 /* Main.storyboard in Resources */ = {isa = PBXBuildFile; fileRef = 956077EB2028456700888A63 /* Main.storyboard */; };
		956077EF2028456700888A63 /* Assets.xcassets in Resources */ = {isa = PBXBuildFile; fileRef = 956077EE2028456700888A63 /* Assets.xcassets */; };
		956077F22028456700888A63 /* LaunchScreen.storyboard in Resources */ = {isa = PBXBuildFile; fileRef = 956077F02028456700888A63 /* LaunchScreen.storyboard */; };
		956077FF2029909400888A63 /* CategoryCell.swift in Sources */ = {isa = PBXBuildFile; fileRef = 956077FE2029909400888A63 /* CategoryCell.swift */; };
		9560780120299B4900888A63 /* Category.swift in Sources */ = {isa = PBXBuildFile; fileRef = 9560780020299B4900888A63 /* Category.swift */; };
		956078042029B4E600888A63 /* DataService.swift in Sources */ = {isa = PBXBuildFile; fileRef = 956078032029B4E600888A63 /* DataService.swift */; };
/* End PBXBuildFile section */

/* Begin PBXFileReference section */
		95216CC8203420CD00884054 /* ProductCell.swift */ = {isa = PBXFileReference; lastKnownFileType = sourcecode.swift; path = ProductCell.swift; sourceTree = "<group>"; };
		956077E42028456700888A63 /* coder-swag.app */ = {isa = PBXFileReference; explicitFileType = wrapper.application; includeInIndex = 0; path = "coder-swag.app"; sourceTree = BUILT_PRODUCTS_DIR; };
		956077E72028456700888A63 /* AppDelegate.swift */ = {isa = PBXFileReference; lastKnownFileType = sourcecode.swift; path = AppDelegate.swift; sourceTree = "<group>"; };
		956077E92028456700888A63 /* CategoriesVC.swift */ = {isa = PBXFileReference; lastKnownFileType = sourcecode.swift; path = CategoriesVC.swift; sourceTree = "<group>"; };
		956077EC2028456700888A63 /* Base */ = {isa = PBXFileReference; lastKnownFileType = file.storyboard; name = Base; path = Base.lproj/Main.storyboard; sourceTree = "<group>"; };
		956077EE2028456700888A63 /* Assets.xcassets */ = {isa = PBXFileReference; lastKnownFileType = folder.assetcatalog; path = Assets.xcassets; sourceTree = "<group>"; };
		956077F12028456700888A63 /* Base */ = {isa = PBXFileReference; lastKnownFileType = file.storyboard; name = Base; path = Base.lproj/LaunchScreen.storyboard; sourceTree = "<group>"; };
		956077F32028456700888A63 /* Info.plist */ = {isa = PBXFileReference; lastKnownFileType = text.plist.xml; path = Info.plist; sourceTree = "<group>"; };
		956077FE2029909400888A63 /* CategoryCell.swift */ = {isa = PBXFileReference; lastKnownFileType = sourcecode.swift; path = CategoryCell.swift; sourceTree = "<group>"; };
		9560780020299B4900888A63 /* Category.swift */ = {isa = PBXFileReference; lastKnownFileType = sourcecode.swift; path = Category.swift; sourceTree = "<group>"; };
		956078032029B4E600888A63 /* DataService.swift */ = {isa = PBXFileReference; lastKnownFileType = sourcecode.swift; path = DataService.swift; sourceTree = "<group>"; };
/* End PBXFileReference section */

/* Begin PBXFrameworksBuildPhase section */
		956077E12028456700888A63 /* Frameworks */ = {
			isa = PBXFrameworksBuildPhase;
			buildActionMask = 2147483647;
			files = (
			);
			runOnlyForDeploymentPostprocessing = 0;
		};
/* End PBXFrameworksBuildPhase section */

/* Begin PBXGroup section */
		956077DB2028456700888A63 = {
			isa = PBXGroup;
			children = (
				956077E62028456700888A63 /* coder-swag */,
				956077E52028456700888A63 /* Products */,
			);
			sourceTree = "<group>";
		};
		956077E52028456700888A63 /* Products */ = {
			isa = PBXGroup;
			children = (
				956077E42028456700888A63 /* coder-swag.app */,
			);
			name = Products;
			sourceTree = "<group>";
		};
		956077E62028456700888A63 /* coder-swag */ = {
			isa = PBXGroup;
			children = (
				956078022029B4D100888A63 /* Services */,
				956077FB2029896C00888A63 /* Controllers */,
				956077FA2029896400888A63 /* Views */,
				956077F92029895D00888A63 /* Model */,
				956077E72028456700888A63 /* AppDelegate.swift */,
				956077E92028456700888A63 /* CategoriesVC.swift */,
				956077EB2028456700888A63 /* Main.storyboard */,
				956077EE2028456700888A63 /* Assets.xcassets */,
				956077F02028456700888A63 /* LaunchScreen.storyboard */,
				956077F32028456700888A63 /* Info.plist */,
			);
			path = "coder-swag";
			sourceTree = "<group>";
		};
		956077F92029895D00888A63 /* Model */ = {
			isa = PBXGroup;
			children = (
				9560780020299B4900888A63 /* Category.swift */,
			);
			path = Model;
			sourceTree = "<group>";
		};
		956077FA2029896400888A63 /* Views */ = {
			isa = PBXGroup;
			children = (
				956077FE2029909400888A63 /* CategoryCell.swift */,
				95216CC8203420CD00884054 /* ProductCell.swift */,
			);
			path = Views;
			sourceTree = "<group>";
		};
		956077FB2029896C00888A63 /* Controllers */ = {
			isa = PBXGroup;
			children = (
			);
			path = Controllers;
			sourceTree = "<group>";
		};
		956078022029B4D100888A63 /* Services */ = {
			isa = PBXGroup;
			children = (
				956078032029B4E600888A63 /* DataService.swift */,
			);
			path = Services;
			sourceTree = "<group>";
		};
/* End PBXGroup section */

/* Begin PBXNativeTarget section */
		956077E32028456700888A63 /* coder-swag */ = {
			isa = PBXNativeTarget;
			buildConfigurationList = 956077F62028456700888A63 /* Build configuration list for PBXNativeTarget "coder-swag" */;
			buildPhases = (
				956077E02028456700888A63 /* Sources */,
				956077E12028456700888A63 /* Frameworks */,
				956077E22028456700888A63 /* Resources */,
			);
			buildRules = (
			);
			dependencies = (
			);
			name = "coder-swag";
			productName = "coder-swag";
			productReference = 956077E42028456700888A63 /* coder-swag.app */;
			productType = "com.apple.product-type.application";
		};
/* End PBXNativeTarget section */

/* Begin PBXProject section */
		956077DC2028456700888A63 /* Project object */ = {
			isa = PBXProject;
			attributes = {
				LastSwiftUpdateCheck = 0920;
				LastUpgradeCheck = 0920;
				ORGANIZATIONNAME = devslopes;
				TargetAttributes = {
					956077E32028456700888A63 = {
						CreatedOnToolsVersion = 9.2;
						ProvisioningStyle = Automatic;
					};
				};
			};
			buildConfigurationList = 956077DF2028456700888A63 /* Build configuration list for PBXProject "coder-swag" */;
			compatibilityVersion = "Xcode 8.0";
			developmentRegion = en;
			hasScannedForEncodings = 0;
			knownRegions = (
				en,
				Base,
			);
			mainGroup = 956077DB2028456700888A63;
			productRefGroup = 956077E52028456700888A63 /* Products */;
			projectDirPath = "";
			projectRoot = "";
			targets = (
				956077E32028456700888A63 /* coder-swag */,
			);
		};
/* End PBXProject section */

/* Begin PBXResourcesBuildPhase section */
		956077E22028456700888A63 /* Resources */ = {
			isa = PBXResourcesBuildPhase;
			buildActionMask = 2147483647;
			files = (
				956077F22028456700888A63 /* LaunchScreen.storyboard in Resources */,
				956077EF2028456700888A63 /* Assets.xcassets in Resources */,
				956077ED2028456700888A63 /* Main.storyboard in Resources */,
			);
			runOnlyForDeploymentPostprocessing = 0;
		};
/* End PBXResourcesBuildPhase section */

/* Begin PBXSourcesBuildPhase section */
		956077E02028456700888A63 /* Sources */ = {
			isa = PBXSourcesBuildPhase;
			buildActionMask = 2147483647;
			files = (
				956077EA2028456700888A63 /* CategoriesVC.swift in Sources */,
				956077E82028456700888A63 /* AppDelegate.swift in Sources */,
				956077FF2029909400888A63 /* CategoryCell.swift in Sources */,
				95216CC9203420CD00884054 /* ProductCell.swift in Sources */,
				9560780120299B4900888A63 /* Category.swift in Sources */,
				956078042029B4E600888A63 /* DataService.swift in Sources */,
			);
			runOnlyForDeploymentPostprocessing = 0;
		};
/* End PBXSourcesBuildPhase section */

/* Begin PBXVariantGroup section */
		956077EB2028456700888A63 /* Main.storyboard */ = {
			isa = PBXVariantGroup;
			children = (
				956077EC2028456700888A63 /* Base */,
			);
			name = Main.storyboard;
			sourceTree = "<group>";
		};
		956077F02028456700888A63 /* LaunchScreen.storyboard */ = {
			isa = PBXVariantGroup;
			children = (
				956077F12028456700888A63 /* Base */,
			);
			name = LaunchScreen.storyboard;
			sourceTree = "<group>";
		};
/* End PBXVariantGroup section */

/* Begin XCBuildConfiguration section */
		956077F42028456700888A63 /* Debug */ = {
			isa = XCBuildConfiguration;
			buildSettings = {
				ALWAYS_SEARCH_USER_PATHS = NO;
				CLANG_ANALYZER_NONNULL = YES;
				CLANG_ANALYZER_NUMBER_OBJECT_CONVERSION = YES_AGGRESSIVE;
				CLANG_CXX_LANGUAGE_STANDARD = "gnu++14";
				CLANG_CXX_LIBRARY = "libc++";
				CLANG_ENABLE_MODULES = YES;
				CLANG_ENABLE_OBJC_ARC = YES;
				CLANG_WARN_BLOCK_CAPTURE_AUTORELEASING = YES;
				CLANG_WARN_BOOL_CONVERSION = YES;
				CLANG_WARN_COMMA = YES;
				CLANG_WARN_CONSTANT_CONVERSION = YES;
				CLANG_WARN_DIRECT_OBJC_ISA_USAGE = YES_ERROR;
				CLANG_WARN_DOCUMENTATION_COMMENTS = YES;
				CLANG_WARN_EMPTY_BODY = YES;
				CLANG_WARN_ENUM_CONVERSION = YES;
				CLANG_WARN_INFINITE_RECURSION = YES;
				CLANG_WARN_INT_CONVERSION = YES;
				CLANG_WARN_NON_LITERAL_NULL_CONVERSION = YES;
				CLANG_WARN_OBJC_LITERAL_CONVERSION = YES;
				CLANG_WARN_OBJC_ROOT_CLASS = YES_ERROR;
				CLANG_WARN_RANGE_LOOP_ANALYSIS = YES;
				CLANG_WARN_STRICT_PROTOTYPES = YES;
				CLANG_WARN_SUSPICIOUS_MOVE = YES;
				CLANG_WARN_UNGUARDED_AVAILABILITY = YES_AGGRESSIVE;
				CLANG_WARN_UNREACHABLE_CODE = YES;
				CLANG_WARN__DUPLICATE_METHOD_MATCH = YES;
				CODE_SIGN_IDENTITY = "iPhone Developer";
				COPY_PHASE_STRIP = NO;
				DEBUG_INFORMATION_FORMAT = dwarf;
				ENABLE_STRICT_OBJC_MSGSEND = YES;
				ENABLE_TESTABILITY = YES;
				GCC_C_LANGUAGE_STANDARD = gnu11;
				GCC_DYNAMIC_NO_PIC = NO;
				GCC_NO_COMMON_BLOCKS = YES;
				GCC_OPTIMIZATION_LEVEL = 0;
				GCC_PREPROCESSOR_DEFINITIONS = (
					"DEBUG=1",
					"$(inherited)",
				);
				GCC_WARN_64_TO_32_BIT_CONVERSION = YES;
				GCC_WARN_ABOUT_RETURN_TYPE = YES_ERROR;
				GCC_WARN_UNDECLARED_SELECTOR = YES;
				GCC_WARN_UNINITIALIZED_AUTOS = YES_AGGRESSIVE;
				GCC_WARN_UNUSED_FUNCTION = YES;
				GCC_WARN_UNUSED_VARIABLE = YES;
				IPHONEOS_DEPLOYMENT_TARGET = 11.2;
				MTL_ENABLE_DEBUG_INFO = YES;
				ONLY_ACTIVE_ARCH = YES;
				SDKROOT = iphoneos;
				SWIFT_ACTIVE_COMPILATION_CONDITIONS = DEBUG;
				SWIFT_OPTIMIZATION_LEVEL = "-Onone";
			};
			name = Debug;
		};
		956077F52028456700888A63 /* Release */ = {
			isa = XCBuildConfiguration;
			buildSettings = {
				ALWAYS_SEARCH_USER_PATHS = NO;
				CLANG_ANALYZER_NONNULL = YES;
				CLANG_ANALYZER_NUMBER_OBJECT_CONVERSION = YES_AGGRESSIVE;
				CLANG_CXX_LANGUAGE_STANDARD = "gnu++14";
				CLANG_CXX_LIBRARY = "libc++";
				CLANG_ENABLE_MODULES = YES;
				CLANG_ENABLE_OBJC_ARC = YES;
				CLANG_WARN_BLOCK_CAPTURE_AUTORELEASING = YES;
				CLANG_WARN_BOOL_CONVERSION = YES;
				CLANG_WARN_COMMA = YES;
				CLANG_WARN_CONSTANT_CONVERSION = YES;
				CLANG_WARN_DIRECT_OBJC_ISA_USAGE = YES_ERROR;
				CLANG_WARN_DOCUMENTATION_COMMENTS = YES;
				CLANG_WARN_EMPTY_BODY = YES;
				CLANG_WARN_ENUM_CONVERSION = YES;
				CLANG_WARN_INFINITE_RECURSION = YES;
				CLANG_WARN_INT_CONVERSION = YES;
				CLANG_WARN_NON_LITERAL_NULL_CONVERSION = YES;
				CLANG_WARN_OBJC_LITERAL_CONVERSION = YES;
				CLANG_WARN_OBJC_ROOT_CLASS = YES_ERROR;
				CLANG_WARN_RANGE_LOOP_ANALYSIS = YES;
				CLANG_WARN_STRICT_PROTOTYPES = YES;
				CLANG_WARN_SUSPICIOUS_MOVE = YES;
				CLANG_WARN_UNGUARDED_AVAILABILITY = YES_AGGRESSIVE;
				CLANG_WARN_UNREACHABLE_CODE = YES;
				CLANG_WARN__DUPLICATE_METHOD_MATCH = YES;
				CODE_SIGN_IDENTITY = "iPhone Developer";
				COPY_PHASE_STRIP = NO;
				DEBUG_INFORMATION_FORMAT = "dwarf-with-dsym";
				ENABLE_NS_ASSERTIONS = NO;
				ENABLE_STRICT_OBJC_MSGSEND = YES;
				GCC_C_LANGUAGE_STANDARD = gnu11;
				GCC_NO_COMMON_BLOCKS = YES;
				GCC_WARN_64_TO_32_BIT_CONVERSION = YES;
				GCC_WARN_ABOUT_RETURN_TYPE = YES_ERROR;
				GCC_WARN_UNDECLARED_SELECTOR = YES;
				GCC_WARN_UNINITIALIZED_AUTOS = YES_AGGRESSIVE;
				GCC_WARN_UNUSED_FUNCTION = YES;
				GCC_WARN_UNUSED_VARIABLE = YES;
				IPHONEOS_DEPLOYMENT_TARGET = 11.2;
				MTL_ENABLE_DEBUG_INFO = NO;
				SDKROOT = iphoneos;
				SWIFT_OPTIMIZATION_LEVEL = "-Owholemodule";
				VALIDATE_PRODUCT = YES;
			};
			name = Release;
		};
		956077F72028456700888A63 /* Debug */ = {
			isa = XCBuildConfiguration;
			buildSettings = {
				ASSETCATALOG_COMPILER_APPICON_NAME = AppIcon;
				CODE_SIGN_STYLE = Automatic;
				DEVELOPMENT_TEAM = C4C7LRB264;
				INFOPLIST_FILE = "coder-swag/Info.plist";
				LD_RUNPATH_SEARCH_PATHS = "$(inherited) @executable_path/Frameworks";
				PRODUCT_BUNDLE_IDENTIFIER = "com.devslopes.coder-swag1";
				PRODUCT_NAME = "$(TARGET_NAME)";
				SWIFT_VERSION = 4.0;
				TARGETED_DEVICE_FAMILY = "1,2";
			};
			name = Debug;
		};
		956077F82028456700888A63 /* Release */ = {
			isa = XCBuildConfiguration;
			buildSettings = {
				ASSETCATALOG_COMPILER_APPICON_NAME = AppIcon;
				CODE_SIGN_STYLE = Automatic;
				DEVELOPMENT_TEAM = C4C7LRB264;
				INFOPLIST_FILE = "coder-swag/Info.plist";
				LD_RUNPATH_SEARCH_PATHS = "$(inherited) @executable_path/Frameworks";
				PRODUCT_BUNDLE_IDENTIFIER = "com.devslopes.coder-swag1";
				PRODUCT_NAME = "$(TARGET_NAME)";
				SWIFT_VERSION = 4.0;
				TARGETED_DEVICE_FAMILY = "1,2";
			};
			name = Release;
		};
/* End XCBuildConfiguration section */

/* Begin XCConfigurationList section */
		956077DF2028456700888A63 /* Build configuration list for PBXProject "coder-swag" */ = {
			isa = XCConfigurationList;
			buildConfigurations = (
				956077F42028456700888A63 /* Debug */,
				956077F52028456700888A63 /* Release */,
			);
			defaultConfigurationIsVisible = 0;
			defaultConfigurationName = Release;
		};
		956077F62028456700888A63 /* Build configuration list for PBXNativeTarget "coder-swag" */ = {
			isa = XCConfigurationList;
			buildConfigurations = (
				956077F72028456700888A63 /* Debug */,
				956077F82028456700888A63 /* Release */,
			);
			defaultConfigurationIsVisible = 0;
			defaultConfigurationName = Release;
		};
/* End XCConfigurationList section */
	};
	rootObject = 956077DC2028456700888A63 /* Project object */;
}
